
Microsoft Visual Studio Solution File, Format Version 12.00
# Visual Studio Version 17
Project("{8BC9CEB8-8B4A-11D0-8D11-00A0C91BC942}") = "ALL_BUILD", "ALL_BUILD.vcxproj", "{4FEA503E-9897-307D-A99B-0C7F463848BA}"
	ProjectSection(ProjectDependencies) = postProject
		{455A3DA4-BD2E-34DC-BAA6-1FB4631D4F36} = {455A3DA4-BD2E-34DC-BAA6-1FB4631D4F36}
		{1F56B7AB-FA45-3BEE-BD2F-7BC83802B95E} = {1F56B7AB-FA45-3BEE-BD2F-7BC83802B95E}
	EndProjectSection
EndProject
Project("{8BC9CEB8-8B4A-11D0-8D11-00A0C91BC942}") = "NodeBasedImageProcessor", "NodeBasedImageProcessor.vcxproj", "{455A3DA4-BD2E-34DC-BAA6-1FB4631D4F36}"
	ProjectSection(ProjectDependencies) = postProject
		{1F56B7AB-FA45-3BEE-BD2F-7BC83802B95E} = {1F56B7AB-FA45-3BEE-BD2F-7BC83802B95E}
	EndProjectSection
EndProject
Project("{8BC9CEB8-8B4A-11D0-8D11-00A0C91BC942}") = "ZERO_CHECK", "ZERO_CHECK.vcxproj", "{1F56B7AB-FA45-3BEE-BD2F-7BC83802B95E}"
	ProjectSection(ProjectDependencies) = postProject
	EndProjectSection
EndProject
Global
	GlobalSection(SolutionConfigurationPlatforms) = preSolution
		Debug|x64 = Debug|x64
		Release|x64 = Release|x64
		MinSizeRel|x64 = MinSizeRel|x64
		RelWithDebInfo|x64 = RelWithDebInfo|x64
	EndGlobalSection
	GlobalSection(ProjectConfigurationPlatforms) = postSolution
		{4FEA503E-9897-307D-A99B-0C7F463848BA}.Debug|x64.ActiveCfg = Debug|x64
		{4FEA503E-9897-307D-A99B-0C7F463848BA}.Release|x64.ActiveCfg = Release|x64
		{4FEA503E-9897-307D-A99B-0C7F463848BA}.MinSizeRel|x64.ActiveCfg = MinSizeRel|x64
		{4FEA503E-9897-307D-A99B-0C7F463848BA}.RelWithDebInfo|x64.ActiveCfg = RelWithDebInfo|x64
		{455A3DA4-BD2E-34DC-BAA6-1FB4631D4F36}.Debug|x64.ActiveCfg = Debug|x64
		{455A3DA4-BD2E-34DC-BAA6-1FB4631D4F36}.Debug|x64.Build.0 = Debug|x64
		{455A3DA4-BD2E-34DC-BAA6-1FB4631D4F36}.Release|x64.ActiveCfg = Release|x64
		{455A3DA4-BD2E-34DC-BAA6-1FB4631D4F36}.Release|x64.Build.0 = Release|x64
		{455A3DA4-BD2E-34DC-BAA6-1FB4631D4F36}.MinSizeRel|x64.ActiveCfg = MinSizeRel|x64
		{455A3DA4-BD2E-34DC-BAA6-1FB4631D4F36}.MinSizeRel|x64.Build.0 = MinSizeRel|x64
		{455A3DA4-BD2E-34DC-BAA6-1FB4631D4F36}.RelWithDebInfo|x64.ActiveCfg = RelWithDebInfo|x64
		{455A3DA4-BD2E-34DC-BAA6-1FB4631D4F36}.RelWithDebInfo|x64.Build.0 = RelWithDebInfo|x64
		{1F56B7AB-FA45-3BEE-BD2F-7BC83802B95E}.Debug|x64.ActiveCfg = Debug|x64
		{1F56B7AB-FA45-3BEE-BD2F-7BC83802B95E}.Debug|x64.Build.0 = Debug|x64
		{1F56B7AB-FA45-3BEE-BD2F-7BC83802B95E}.Release|x64.ActiveCfg = Release|x64
		{1F56B7AB-FA45-3BEE-BD2F-7BC83802B95E}.Release|x64.Build.0 = Release|x64
		{1F56B7AB-FA45-3BEE-BD2F-7BC83802B95E}.MinSizeRel|x64.ActiveCfg = MinSizeRel|x64
		{1F56B7AB-FA45-3BEE-BD2F-7BC83802B95E}.MinSizeRel|x64.Build.0 = MinSizeRel|x64
		{1F56B7AB-FA45-3BEE-BD2F-7BC83802B95E}.RelWithDebInfo|x64.ActiveCfg = RelWithDebInfo|x64
		{1F56B7AB-FA45-3BEE-BD2F-7BC83802B95E}.RelWithDebInfo|x64.Build.0 = RelWithDebInfo|x64
	EndGlobalSection
	GlobalSection(ExtensibilityGlobals) = postSolution
		SolutionGuid = {69A40E82-1C98-3AE0-9D4E-31F5509B88B7}
	EndGlobalSection
	GlobalSection(ExtensibilityAddIns) = postSolution
	EndGlobalSection
EndGlobal
